# THIS IS AN AUTOGENERATED FILE. DO NOT EDIT THIS FILE DIRECTLY.
# yarn lockfile v1


"@heroicons/react@^2.0.18":
  version "2.0.18"
  resolved "https://registry.yarnpkg.com/@heroicons/react/-/react-2.0.18.tgz#f80301907c243df03c7e9fd76c0286e95361f7c1"
  integrity sha512-7TyMjRrZZMBPa+/5Y8lN0iyvUU/01PeMGX2+RE7cQWpEUIcb4QotzUObFkJDejj/HUH4qjP/eQ0gzzKs2f+6Yw==
